
Microsoft Visual Studio Solution File, Format Version 12.00
# Visual Studio 15
Project("{FAE04EC0-301F-11D3-BF4B-00C04F79EFBC}") = "eCampus.WEBAPI", "eCampus.WEBAPI.csproj", "{FC33E1B2-9447-4F4C-B6F9-1941D4A431CF}"
EndProject
Global
	GlobalSection(SolutionConfigurationPlatforms) = preSolution
		Debug|Any CPU = Debug|Any CPU
		Release|Any CPU = Release|Any CPU
	EndGlobalSection
	GlobalSection(ProjectConfigurationPlatforms) = postSolution
		{FC33E1B2-9447-4F4C-B6F9-1941D4A431CF}.Debug|Any CPU.ActiveCfg = Debug|Any CPU
		{FC33E1B2-9447-4F4C-B6F9-1941D4A431CF}.Debug|Any CPU.Build.0 = Debug|Any CPU
		{FC33E1B2-9447-4F4C-B6F9-1941D4A431CF}.Release|Any CPU.ActiveCfg = Release|Any CPU
		{FC33E1B2-9447-4F4C-B6F9-1941D4A431CF}.Release|Any CPU.Build.0 = Release|Any CPU
	EndGlobalSection
EndGlobal
